
Microsoft Visual Studio Solution File, Format Version 12.00
# Visual Studio Version 17
VisualStudioVersion = 17.14.36414.22 d17.14
MinimumVisualStudioVersion = 10.0.40219.1
Project("{8BC9CEB8-8B4A-11D0-8D11-00A0C91BC942}") = "BlastoffPP", "BlastoffPP.vcxproj", "{816C7455-0914-4A88-A87D-8E76556CBFE4}"
EndProject
Global
	GlobalSection(SolutionConfigurationPlatforms) = preSolution
		Debug|x64 = Debug|x64
		Debug|x86 = Debug|x86
		Release|x64 = Release|x64
		Release|x86 = Release|x86
	EndGlobalSection
	GlobalSection(ProjectConfigurationPlatforms) = postSolution
		{816C7455-0914-4A88-A87D-8E76556CBFE4}.Debug|x64.ActiveCfg = Debug|x64
		{816C7455-0914-4A88-A87D-8E76556CBFE4}.Debug|x64.Build.0 = Debug|x64
		{816C7455-0914-4A88-A87D-8E76556CBFE4}.Debug|x86.ActiveCfg = Debug|Win32
		{816C7455-0914-4A88-A87D-8E76556CBFE4}.Debug|x86.Build.0 = Debug|Win32
		{816C7455-0914-4A88-A87D-8E76556CBFE4}.Release|x64.ActiveCfg = Release|x64
		{816C7455-0914-4A88-A87D-8E76556CBFE4}.Release|x64.Build.0 = Release|x64
		{816C7455-0914-4A88-A87D-8E76556CBFE4}.Release|x86.ActiveCfg = Release|Win32
		{816C7455-0914-4A88-A87D-8E76556CBFE4}.Release|x86.Build.0 = Release|Win32
	EndGlobalSection
	GlobalSection(SolutionProperties) = preSolution
		HideSolutionNode = FALSE
	EndGlobalSection
	GlobalSection(ExtensibilityGlobals) = postSolution
		SolutionGuid = {4EBEBA80-7321-4EA6-8215-88773994A6F8}
	EndGlobalSection
EndGlobal
